
Microsoft Visual Studio Solution File, Format Version 12.00
# Visual Studio 2012
Project("{FAE04EC0-301F-11D3-BF4B-00C04F79EFBC}") = "HelloSopraCross", "HelloSopraCross\HelloSopraCross.csproj", "{7A048814-19F2-4798-BE6C-8521B892559B}"
EndProject
Project("{FAE04EC0-301F-11D3-BF4B-00C04F79EFBC}") = "HelloSopraCross.iOS", "iOS\HelloSopraCross.iOS.csproj", "{295255A8-B8A9-406B-B04A-6DBF13FDE364}"
EndProject
Global
	GlobalSection(SolutionConfigurationPlatforms) = preSolution
		Debug|Any CPU = Debug|Any CPU
		Release|Any CPU = Release|Any CPU
		Debug|iPhoneSimulator = Debug|iPhoneSimulator
		Release|iPhone = Release|iPhone
		Release|iPhoneSimulator = Release|iPhoneSimulator
		Debug|iPhone = Debug|iPhone
	EndGlobalSection
	GlobalSection(ProjectConfigurationPlatforms) = postSolution
		{7A048814-19F2-4798-BE6C-8521B892559B}.Debug|Any CPU.ActiveCfg = Debug|Any CPU
		{7A048814-19F2-4798-BE6C-8521B892559B}.Debug|Any CPU.Build.0 = Debug|Any CPU
		{7A048814-19F2-4798-BE6C-8521B892559B}.Release|Any CPU.ActiveCfg = Release|Any CPU
		{7A048814-19F2-4798-BE6C-8521B892559B}.Release|Any CPU.Build.0 = Release|Any CPU
		{7A048814-19F2-4798-BE6C-8521B892559B}.Debug|iPhoneSimulator.ActiveCfg = Debug|Any CPU
		{7A048814-19F2-4798-BE6C-8521B892559B}.Debug|iPhoneSimulator.Build.0 = Debug|Any CPU
		{7A048814-19F2-4798-BE6C-8521B892559B}.Release|iPhone.ActiveCfg = Release|Any CPU
		{7A048814-19F2-4798-BE6C-8521B892559B}.Release|iPhone.Build.0 = Release|Any CPU
		{7A048814-19F2-4798-BE6C-8521B892559B}.Release|iPhoneSimulator.ActiveCfg = Release|Any CPU
		{7A048814-19F2-4798-BE6C-8521B892559B}.Release|iPhoneSimulator.Build.0 = Release|Any CPU
		{7A048814-19F2-4798-BE6C-8521B892559B}.Debug|iPhone.ActiveCfg = Debug|Any CPU
		{7A048814-19F2-4798-BE6C-8521B892559B}.Debug|iPhone.Build.0 = Debug|Any CPU
		{295255A8-B8A9-406B-B04A-6DBF13FDE364}.Debug|Any CPU.ActiveCfg = Debug|iPhoneSimulator
		{295255A8-B8A9-406B-B04A-6DBF13FDE364}.Debug|Any CPU.Build.0 = Debug|iPhoneSimulator
		{295255A8-B8A9-406B-B04A-6DBF13FDE364}.Release|Any CPU.ActiveCfg = Release|iPhone
		{295255A8-B8A9-406B-B04A-6DBF13FDE364}.Release|Any CPU.Build.0 = Release|iPhone
		{295255A8-B8A9-406B-B04A-6DBF13FDE364}.Debug|iPhoneSimulator.ActiveCfg = Debug|iPhoneSimulator
		{295255A8-B8A9-406B-B04A-6DBF13FDE364}.Debug|iPhoneSimulator.Build.0 = Debug|iPhoneSimulator
		{295255A8-B8A9-406B-B04A-6DBF13FDE364}.Release|iPhone.ActiveCfg = Release|iPhone
		{295255A8-B8A9-406B-B04A-6DBF13FDE364}.Release|iPhone.Build.0 = Release|iPhone
		{295255A8-B8A9-406B-B04A-6DBF13FDE364}.Release|iPhoneSimulator.ActiveCfg = Release|iPhoneSimulator
		{295255A8-B8A9-406B-B04A-6DBF13FDE364}.Release|iPhoneSimulator.Build.0 = Release|iPhoneSimulator
		{295255A8-B8A9-406B-B04A-6DBF13FDE364}.Debug|iPhone.ActiveCfg = Debug|iPhone
		{295255A8-B8A9-406B-B04A-6DBF13FDE364}.Debug|iPhone.Build.0 = Debug|iPhone
	EndGlobalSection
EndGlobal
