
Microsoft Visual Studio Solution File, Format Version 12.00
# Visual Studio 2012
Project("{FAE04EC0-301F-11D3-BF4B-00C04F79EFBC}") = "MapPin", "MapPin\MapPin.csproj", "{0CA552D2-E96F-4F79-91EF-079ECA1CEE21}"
EndProject
Project("{FAE04EC0-301F-11D3-BF4B-00C04F79EFBC}") = "MapPin.Droid", "Droid\MapPin.Droid.csproj", "{67EF3044-A6C2-423A-B93B-9722688DE55B}"
EndProject
Project("{FAE04EC0-301F-11D3-BF4B-00C04F79EFBC}") = "MapPin.iOS", "iOS\MapPin.iOS.csproj", "{50339BBB-F190-4AE0-8F6E-CD7AE218CFC8}"
EndProject
Global
	GlobalSection(SolutionConfigurationPlatforms) = preSolution
		Debug|Any CPU = Debug|Any CPU
		Release|Any CPU = Release|Any CPU
		Debug|iPhoneSimulator = Debug|iPhoneSimulator
		Release|iPhone = Release|iPhone
		Release|iPhoneSimulator = Release|iPhoneSimulator
		Debug|iPhone = Debug|iPhone
	EndGlobalSection
	GlobalSection(ProjectConfigurationPlatforms) = postSolution
		{0CA552D2-E96F-4F79-91EF-079ECA1CEE21}.Debug|Any CPU.ActiveCfg = Debug|Any CPU
		{0CA552D2-E96F-4F79-91EF-079ECA1CEE21}.Debug|Any CPU.Build.0 = Debug|Any CPU
		{0CA552D2-E96F-4F79-91EF-079ECA1CEE21}.Release|Any CPU.ActiveCfg = Release|Any CPU
		{0CA552D2-E96F-4F79-91EF-079ECA1CEE21}.Release|Any CPU.Build.0 = Release|Any CPU
		{0CA552D2-E96F-4F79-91EF-079ECA1CEE21}.Debug|iPhoneSimulator.ActiveCfg = Debug|Any CPU
		{0CA552D2-E96F-4F79-91EF-079ECA1CEE21}.Debug|iPhoneSimulator.Build.0 = Debug|Any CPU
		{0CA552D2-E96F-4F79-91EF-079ECA1CEE21}.Release|iPhone.ActiveCfg = Release|Any CPU
		{0CA552D2-E96F-4F79-91EF-079ECA1CEE21}.Release|iPhone.Build.0 = Release|Any CPU
		{0CA552D2-E96F-4F79-91EF-079ECA1CEE21}.Release|iPhoneSimulator.ActiveCfg = Release|Any CPU
		{0CA552D2-E96F-4F79-91EF-079ECA1CEE21}.Release|iPhoneSimulator.Build.0 = Release|Any CPU
		{0CA552D2-E96F-4F79-91EF-079ECA1CEE21}.Debug|iPhone.ActiveCfg = Debug|Any CPU
		{0CA552D2-E96F-4F79-91EF-079ECA1CEE21}.Debug|iPhone.Build.0 = Debug|Any CPU
		{67EF3044-A6C2-423A-B93B-9722688DE55B}.Debug|Any CPU.ActiveCfg = Debug|Any CPU
		{67EF3044-A6C2-423A-B93B-9722688DE55B}.Debug|Any CPU.Build.0 = Debug|Any CPU
		{67EF3044-A6C2-423A-B93B-9722688DE55B}.Release|Any CPU.ActiveCfg = Release|Any CPU
		{67EF3044-A6C2-423A-B93B-9722688DE55B}.Release|Any CPU.Build.0 = Release|Any CPU
		{67EF3044-A6C2-423A-B93B-9722688DE55B}.Debug|iPhoneSimulator.ActiveCfg = Debug|Any CPU
		{67EF3044-A6C2-423A-B93B-9722688DE55B}.Debug|iPhoneSimulator.Build.0 = Debug|Any CPU
		{67EF3044-A6C2-423A-B93B-9722688DE55B}.Release|iPhone.ActiveCfg = Release|Any CPU
		{67EF3044-A6C2-423A-B93B-9722688DE55B}.Release|iPhone.Build.0 = Release|Any CPU
		{67EF3044-A6C2-423A-B93B-9722688DE55B}.Release|iPhoneSimulator.ActiveCfg = Release|Any CPU
		{67EF3044-A6C2-423A-B93B-9722688DE55B}.Release|iPhoneSimulator.Build.0 = Release|Any CPU
		{67EF3044-A6C2-423A-B93B-9722688DE55B}.Debug|iPhone.ActiveCfg = Debug|Any CPU
		{67EF3044-A6C2-423A-B93B-9722688DE55B}.Debug|iPhone.Build.0 = Debug|Any CPU
		{50339BBB-F190-4AE0-8F6E-CD7AE218CFC8}.Debug|Any CPU.ActiveCfg = Debug|iPhoneSimulator
		{50339BBB-F190-4AE0-8F6E-CD7AE218CFC8}.Debug|Any CPU.Build.0 = Debug|iPhoneSimulator
		{50339BBB-F190-4AE0-8F6E-CD7AE218CFC8}.Release|Any CPU.ActiveCfg = Release|iPhone
		{50339BBB-F190-4AE0-8F6E-CD7AE218CFC8}.Release|Any CPU.Build.0 = Release|iPhone
		{50339BBB-F190-4AE0-8F6E-CD7AE218CFC8}.Debug|iPhoneSimulator.ActiveCfg = Debug|iPhoneSimulator
		{50339BBB-F190-4AE0-8F6E-CD7AE218CFC8}.Debug|iPhoneSimulator.Build.0 = Debug|iPhoneSimulator
		{50339BBB-F190-4AE0-8F6E-CD7AE218CFC8}.Release|iPhone.ActiveCfg = Release|iPhone
		{50339BBB-F190-4AE0-8F6E-CD7AE218CFC8}.Release|iPhone.Build.0 = Release|iPhone
		{50339BBB-F190-4AE0-8F6E-CD7AE218CFC8}.Release|iPhoneSimulator.ActiveCfg = Release|iPhoneSimulator
		{50339BBB-F190-4AE0-8F6E-CD7AE218CFC8}.Release|iPhoneSimulator.Build.0 = Release|iPhoneSimulator
		{50339BBB-F190-4AE0-8F6E-CD7AE218CFC8}.Debug|iPhone.ActiveCfg = Debug|iPhone
		{50339BBB-F190-4AE0-8F6E-CD7AE218CFC8}.Debug|iPhone.Build.0 = Debug|iPhone
	EndGlobalSection
EndGlobal
