
Microsoft Visual Studio Solution File, Format Version 12.00
# Visual Studio 14
VisualStudioVersion = 14.0.25420.1
MinimumVisualStudioVersion = 10.0.40219.1
Project("{FAE04EC0-301F-11D3-BF4B-00C04F79EFBC}") = "Maps", "Maps\Maps\Maps.csproj", "{F68E2D17-CDCC-4C2E-B151-896CC2C48338}"
EndProject
Project("{FAE04EC0-301F-11D3-BF4B-00C04F79EFBC}") = "Maps.Droid", "Maps\Maps.Droid\Maps.Droid.csproj", "{CF8DD8CB-32FD-417E-8AB4-27EB1F6BD33B}"
EndProject
Project("{FAE04EC0-301F-11D3-BF4B-00C04F79EFBC}") = "Maps.iOS", "Maps\Maps.iOS\Maps.iOS.csproj", "{572FF758-5504-4341-AD11-148FE100D4F7}"
EndProject
Project("{9344BDBB-3E7F-41FC-A0DD-8665D75EE146}") = "Maps.WinPhone", "Maps\Maps.WinPhone\Maps.WinPhone.csproj", "{DB6C83C7-D44D-4742-83D5-2BBAA0C41587}"
EndProject
Project("{9344BDBB-3E7F-41FC-A0DD-8665D75EE146}") = "Maps.Windows", "Maps\Maps.Windows\Maps.Windows.csproj", "{0BBA5E8E-5384-4178-92A6-E45E0DF99CBC}"
EndProject
Global
	GlobalSection(SolutionConfigurationPlatforms) = preSolution
		Ad-Hoc|Any CPU = Ad-Hoc|Any CPU
		Ad-Hoc|ARM = Ad-Hoc|ARM
		Ad-Hoc|iPhone = Ad-Hoc|iPhone
		Ad-Hoc|iPhoneSimulator = Ad-Hoc|iPhoneSimulator
		Ad-Hoc|x64 = Ad-Hoc|x64
		Ad-Hoc|x86 = Ad-Hoc|x86
		AppStore|Any CPU = AppStore|Any CPU
		AppStore|ARM = AppStore|ARM
		AppStore|iPhone = AppStore|iPhone
		AppStore|iPhoneSimulator = AppStore|iPhoneSimulator
		AppStore|x64 = AppStore|x64
		AppStore|x86 = AppStore|x86
		Debug|Any CPU = Debug|Any CPU
		Debug|ARM = Debug|ARM
		Debug|iPhone = Debug|iPhone
		Debug|iPhoneSimulator = Debug|iPhoneSimulator
		Debug|x64 = Debug|x64
		Debug|x86 = Debug|x86
		Release|Any CPU = Release|Any CPU
		Release|ARM = Release|ARM
		Release|iPhone = Release|iPhone
		Release|iPhoneSimulator = Release|iPhoneSimulator
		Release|x64 = Release|x64
		Release|x86 = Release|x86
	EndGlobalSection
	GlobalSection(ProjectConfigurationPlatforms) = postSolution
		{F68E2D17-CDCC-4C2E-B151-896CC2C48338}.Ad-Hoc|Any CPU.ActiveCfg = Release|Any CPU
		{F68E2D17-CDCC-4C2E-B151-896CC2C48338}.Ad-Hoc|Any CPU.Build.0 = Release|Any CPU
		{F68E2D17-CDCC-4C2E-B151-896CC2C48338}.Ad-Hoc|ARM.ActiveCfg = Release|Any CPU
		{F68E2D17-CDCC-4C2E-B151-896CC2C48338}.Ad-Hoc|ARM.Build.0 = Release|Any CPU
		{F68E2D17-CDCC-4C2E-B151-896CC2C48338}.Ad-Hoc|iPhone.ActiveCfg = Release|Any CPU
		{F68E2D17-CDCC-4C2E-B151-896CC2C48338}.Ad-Hoc|iPhone.Build.0 = Release|Any CPU
		{F68E2D17-CDCC-4C2E-B151-896CC2C48338}.Ad-Hoc|iPhoneSimulator.ActiveCfg = Release|Any CPU
		{F68E2D17-CDCC-4C2E-B151-896CC2C48338}.Ad-Hoc|iPhoneSimulator.Build.0 = Release|Any CPU
		{F68E2D17-CDCC-4C2E-B151-896CC2C48338}.Ad-Hoc|x64.ActiveCfg = Release|Any CPU
		{F68E2D17-CDCC-4C2E-B151-896CC2C48338}.Ad-Hoc|x64.Build.0 = Release|Any CPU
		{F68E2D17-CDCC-4C2E-B151-896CC2C48338}.Ad-Hoc|x86.ActiveCfg = Release|Any CPU
		{F68E2D17-CDCC-4C2E-B151-896CC2C48338}.Ad-Hoc|x86.Build.0 = Release|Any CPU
		{F68E2D17-CDCC-4C2E-B151-896CC2C48338}.AppStore|Any CPU.ActiveCfg = Release|Any CPU
		{F68E2D17-CDCC-4C2E-B151-896CC2C48338}.AppStore|Any CPU.Build.0 = Release|Any CPU
		{F68E2D17-CDCC-4C2E-B151-896CC2C48338}.AppStore|ARM.ActiveCfg = Release|Any CPU
		{F68E2D17-CDCC-4C2E-B151-896CC2C48338}.AppStore|ARM.Build.0 = Release|Any CPU
		{F68E2D17-CDCC-4C2E-B151-896CC2C48338}.AppStore|iPhone.ActiveCfg = Release|Any CPU
		{F68E2D17-CDCC-4C2E-B151-896CC2C48338}.AppStore|iPhone.Build.0 = Release|Any CPU
		{F68E2D17-CDCC-4C2E-B151-896CC2C48338}.AppStore|iPhoneSimulator.ActiveCfg = Release|Any CPU
		{F68E2D17-CDCC-4C2E-B151-896CC2C48338}.AppStore|iPhoneSimulator.Build.0 = Release|Any CPU
		{F68E2D17-CDCC-4C2E-B151-896CC2C48338}.AppStore|x64.ActiveCfg = Release|Any CPU
		{F68E2D17-CDCC-4C2E-B151-896CC2C48338}.AppStore|x64.Build.0 = Release|Any CPU
		{F68E2D17-CDCC-4C2E-B151-896CC2C48338}.AppStore|x86.ActiveCfg = Release|Any CPU
		{F68E2D17-CDCC-4C2E-B151-896CC2C48338}.AppStore|x86.Build.0 = Release|Any CPU
		{F68E2D17-CDCC-4C2E-B151-896CC2C48338}.Debug|Any CPU.ActiveCfg = Debug|Any CPU
		{F68E2D17-CDCC-4C2E-B151-896CC2C48338}.Debug|Any CPU.Build.0 = Debug|Any CPU
		{F68E2D17-CDCC-4C2E-B151-896CC2C48338}.Debug|ARM.ActiveCfg = Debug|Any CPU
		{F68E2D17-CDCC-4C2E-B151-896CC2C48338}.Debug|ARM.Build.0 = Debug|Any CPU
		{F68E2D17-CDCC-4C2E-B151-896CC2C48338}.Debug|iPhone.ActiveCfg = Debug|Any CPU
		{F68E2D17-CDCC-4C2E-B151-896CC2C48338}.Debug|iPhone.Build.0 = Debug|Any CPU
		{F68E2D17-CDCC-4C2E-B151-896CC2C48338}.Debug|iPhoneSimulator.ActiveCfg = Debug|Any CPU
		{F68E2D17-CDCC-4C2E-B151-896CC2C48338}.Debug|iPhoneSimulator.Build.0 = Debug|Any CPU
		{F68E2D17-CDCC-4C2E-B151-896CC2C48338}.Debug|x64.ActiveCfg = Debug|Any CPU
		{F68E2D17-CDCC-4C2E-B151-896CC2C48338}.Debug|x64.Build.0 = Debug|Any CPU
		{F68E2D17-CDCC-4C2E-B151-896CC2C48338}.Debug|x86.ActiveCfg = Debug|Any CPU
		{F68E2D17-CDCC-4C2E-B151-896CC2C48338}.Debug|x86.Build.0 = Debug|Any CPU
		{F68E2D17-CDCC-4C2E-B151-896CC2C48338}.Release|Any CPU.ActiveCfg = Release|Any CPU
		{F68E2D17-CDCC-4C2E-B151-896CC2C48338}.Release|Any CPU.Build.0 = Release|Any CPU
		{F68E2D17-CDCC-4C2E-B151-896CC2C48338}.Release|ARM.ActiveCfg = Release|Any CPU
		{F68E2D17-CDCC-4C2E-B151-896CC2C48338}.Release|ARM.Build.0 = Release|Any CPU
		{F68E2D17-CDCC-4C2E-B151-896CC2C48338}.Release|iPhone.ActiveCfg = Release|Any CPU
		{F68E2D17-CDCC-4C2E-B151-896CC2C48338}.Release|iPhone.Build.0 = Release|Any CPU
		{F68E2D17-CDCC-4C2E-B151-896CC2C48338}.Release|iPhoneSimulator.ActiveCfg = Release|Any CPU
		{F68E2D17-CDCC-4C2E-B151-896CC2C48338}.Release|iPhoneSimulator.Build.0 = Release|Any CPU
		{F68E2D17-CDCC-4C2E-B151-896CC2C48338}.Release|x64.ActiveCfg = Release|Any CPU
		{F68E2D17-CDCC-4C2E-B151-896CC2C48338}.Release|x64.Build.0 = Release|Any CPU
		{F68E2D17-CDCC-4C2E-B151-896CC2C48338}.Release|x86.ActiveCfg = Release|Any CPU
		{F68E2D17-CDCC-4C2E-B151-896CC2C48338}.Release|x86.Build.0 = Release|Any CPU
		{CF8DD8CB-32FD-417E-8AB4-27EB1F6BD33B}.Ad-Hoc|Any CPU.ActiveCfg = Release|Any CPU
		{CF8DD8CB-32FD-417E-8AB4-27EB1F6BD33B}.Ad-Hoc|Any CPU.Build.0 = Release|Any CPU
		{CF8DD8CB-32FD-417E-8AB4-27EB1F6BD33B}.Ad-Hoc|Any CPU.Deploy.0 = Release|Any CPU
		{CF8DD8CB-32FD-417E-8AB4-27EB1F6BD33B}.Ad-Hoc|ARM.ActiveCfg = Release|Any CPU
		{CF8DD8CB-32FD-417E-8AB4-27EB1F6BD33B}.Ad-Hoc|ARM.Build.0 = Release|Any CPU
		{CF8DD8CB-32FD-417E-8AB4-27EB1F6BD33B}.Ad-Hoc|ARM.Deploy.0 = Release|Any CPU
		{CF8DD8CB-32FD-417E-8AB4-27EB1F6BD33B}.Ad-Hoc|iPhone.ActiveCfg = Release|Any CPU
		{CF8DD8CB-32FD-417E-8AB4-27EB1F6BD33B}.Ad-Hoc|iPhone.Build.0 = Release|Any CPU
		{CF8DD8CB-32FD-417E-8AB4-27EB1F6BD33B}.Ad-Hoc|iPhone.Deploy.0 = Release|Any CPU
		{CF8DD8CB-32FD-417E-8AB4-27EB1F6BD33B}.Ad-Hoc|iPhoneSimulator.ActiveCfg = Release|Any CPU
		{CF8DD8CB-32FD-417E-8AB4-27EB1F6BD33B}.Ad-Hoc|iPhoneSimulator.Build.0 = Release|Any CPU
		{CF8DD8CB-32FD-417E-8AB4-27EB1F6BD33B}.Ad-Hoc|iPhoneSimulator.Deploy.0 = Release|Any CPU
		{CF8DD8CB-32FD-417E-8AB4-27EB1F6BD33B}.Ad-Hoc|x64.ActiveCfg = Release|Any CPU
		{CF8DD8CB-32FD-417E-8AB4-27EB1F6BD33B}.Ad-Hoc|x64.Build.0 = Release|Any CPU
		{CF8DD8CB-32FD-417E-8AB4-27EB1F6BD33B}.Ad-Hoc|x64.Deploy.0 = Release|Any CPU
		{CF8DD8CB-32FD-417E-8AB4-27EB1F6BD33B}.Ad-Hoc|x86.ActiveCfg = Release|Any CPU
		{CF8DD8CB-32FD-417E-8AB4-27EB1F6BD33B}.Ad-Hoc|x86.Build.0 = Release|Any CPU
		{CF8DD8CB-32FD-417E-8AB4-27EB1F6BD33B}.Ad-Hoc|x86.Deploy.0 = Release|Any CPU
		{CF8DD8CB-32FD-417E-8AB4-27EB1F6BD33B}.AppStore|Any CPU.ActiveCfg = Release|Any CPU
		{CF8DD8CB-32FD-417E-8AB4-27EB1F6BD33B}.AppStore|Any CPU.Build.0 = Release|Any CPU
		{CF8DD8CB-32FD-417E-8AB4-27EB1F6BD33B}.AppStore|Any CPU.Deploy.0 = Release|Any CPU
		{CF8DD8CB-32FD-417E-8AB4-27EB1F6BD33B}.AppStore|ARM.ActiveCfg = Release|Any CPU
		{CF8DD8CB-32FD-417E-8AB4-27EB1F6BD33B}.AppStore|ARM.Build.0 = Release|Any CPU
		{CF8DD8CB-32FD-417E-8AB4-27EB1F6BD33B}.AppStore|ARM.Deploy.0 = Release|Any CPU
		{CF8DD8CB-32FD-417E-8AB4-27EB1F6BD33B}.AppStore|iPhone.ActiveCfg = Release|Any CPU
		{CF8DD8CB-32FD-417E-8AB4-27EB1F6BD33B}.AppStore|iPhone.Build.0 = Release|Any CPU
		{CF8DD8CB-32FD-417E-8AB4-27EB1F6BD33B}.AppStore|iPhone.Deploy.0 = Release|Any CPU
		{CF8DD8CB-32FD-417E-8AB4-27EB1F6BD33B}.AppStore|iPhoneSimulator.ActiveCfg = Release|Any CPU
		{CF8DD8CB-32FD-417E-8AB4-27EB1F6BD33B}.AppStore|iPhoneSimulator.Build.0 = Release|Any CPU
		{CF8DD8CB-32FD-417E-8AB4-27EB1F6BD33B}.AppStore|iPhoneSimulator.Deploy.0 = Release|Any CPU
		{CF8DD8CB-32FD-417E-8AB4-27EB1F6BD33B}.AppStore|x64.ActiveCfg = Release|Any CPU
		{CF8DD8CB-32FD-417E-8AB4-27EB1F6BD33B}.AppStore|x64.Build.0 = Release|Any CPU
		{CF8DD8CB-32FD-417E-8AB4-27EB1F6BD33B}.AppStore|x64.Deploy.0 = Release|Any CPU
		{CF8DD8CB-32FD-417E-8AB4-27EB1F6BD33B}.AppStore|x86.ActiveCfg = Release|Any CPU
		{CF8DD8CB-32FD-417E-8AB4-27EB1F6BD33B}.AppStore|x86.Build.0 = Release|Any CPU
		{CF8DD8CB-32FD-417E-8AB4-27EB1F6BD33B}.AppStore|x86.Deploy.0 = Release|Any CPU
		{CF8DD8CB-32FD-417E-8AB4-27EB1F6BD33B}.Debug|Any CPU.ActiveCfg = Debug|Any CPU
		{CF8DD8CB-32FD-417E-8AB4-27EB1F6BD33B}.Debug|Any CPU.Build.0 = Debug|Any CPU
		{CF8DD8CB-32FD-417E-8AB4-27EB1F6BD33B}.Debug|Any CPU.Deploy.0 = Debug|Any CPU
		{CF8DD8CB-32FD-417E-8AB4-27EB1F6BD33B}.Debug|ARM.ActiveCfg = Debug|Any CPU
		{CF8DD8CB-32FD-417E-8AB4-27EB1F6BD33B}.Debug|ARM.Build.0 = Debug|Any CPU
		{CF8DD8CB-32FD-417E-8AB4-27EB1F6BD33B}.Debug|ARM.Deploy.0 = Debug|Any CPU
		{CF8DD8CB-32FD-417E-8AB4-27EB1F6BD33B}.Debug|iPhone.ActiveCfg = Debug|Any CPU
		{CF8DD8CB-32FD-417E-8AB4-27EB1F6BD33B}.Debug|iPhone.Build.0 = Debug|Any CPU
		{CF8DD8CB-32FD-417E-8AB4-27EB1F6BD33B}.Debug|iPhone.Deploy.0 = Debug|Any CPU
		{CF8DD8CB-32FD-417E-8AB4-27EB1F6BD33B}.Debug|iPhoneSimulator.ActiveCfg = Debug|Any CPU
		{CF8DD8CB-32FD-417E-8AB4-27EB1F6BD33B}.Debug|iPhoneSimulator.Build.0 = Debug|Any CPU
		{CF8DD8CB-32FD-417E-8AB4-27EB1F6BD33B}.Debug|iPhoneSimulator.Deploy.0 = Debug|Any CPU
		{CF8DD8CB-32FD-417E-8AB4-27EB1F6BD33B}.Debug|x64.ActiveCfg = Debug|Any CPU
		{CF8DD8CB-32FD-417E-8AB4-27EB1F6BD33B}.Debug|x64.Build.0 = Debug|Any CPU
		{CF8DD8CB-32FD-417E-8AB4-27EB1F6BD33B}.Debug|x64.Deploy.0 = Debug|Any CPU
		{CF8DD8CB-32FD-417E-8AB4-27EB1F6BD33B}.Debug|x86.ActiveCfg = Debug|Any CPU
		{CF8DD8CB-32FD-417E-8AB4-27EB1F6BD33B}.Debug|x86.Build.0 = Debug|Any CPU
		{CF8DD8CB-32FD-417E-8AB4-27EB1F6BD33B}.Debug|x86.Deploy.0 = Debug|Any CPU
		{CF8DD8CB-32FD-417E-8AB4-27EB1F6BD33B}.Release|Any CPU.ActiveCfg = Release|Any CPU
		{CF8DD8CB-32FD-417E-8AB4-27EB1F6BD33B}.Release|Any CPU.Build.0 = Release|Any CPU
		{CF8DD8CB-32FD-417E-8AB4-27EB1F6BD33B}.Release|Any CPU.Deploy.0 = Release|Any CPU
		{CF8DD8CB-32FD-417E-8AB4-27EB1F6BD33B}.Release|ARM.ActiveCfg = Release|Any CPU
		{CF8DD8CB-32FD-417E-8AB4-27EB1F6BD33B}.Release|ARM.Build.0 = Release|Any CPU
		{CF8DD8CB-32FD-417E-8AB4-27EB1F6BD33B}.Release|ARM.Deploy.0 = Release|Any CPU
		{CF8DD8CB-32FD-417E-8AB4-27EB1F6BD33B}.Release|iPhone.ActiveCfg = Release|Any CPU
		{CF8DD8CB-32FD-417E-8AB4-27EB1F6BD33B}.Release|iPhone.Build.0 = Release|Any CPU
		{CF8DD8CB-32FD-417E-8AB4-27EB1F6BD33B}.Release|iPhone.Deploy.0 = Release|Any CPU
		{CF8DD8CB-32FD-417E-8AB4-27EB1F6BD33B}.Release|iPhoneSimulator.ActiveCfg = Release|Any CPU
		{CF8DD8CB-32FD-417E-8AB4-27EB1F6BD33B}.Release|iPhoneSimulator.Build.0 = Release|Any CPU
		{CF8DD8CB-32FD-417E-8AB4-27EB1F6BD33B}.Release|iPhoneSimulator.Deploy.0 = Release|Any CPU
		{CF8DD8CB-32FD-417E-8AB4-27EB1F6BD33B}.Release|x64.ActiveCfg = Release|Any CPU
		{CF8DD8CB-32FD-417E-8AB4-27EB1F6BD33B}.Release|x64.Build.0 = Release|Any CPU
		{CF8DD8CB-32FD-417E-8AB4-27EB1F6BD33B}.Release|x64.Deploy.0 = Release|Any CPU
		{CF8DD8CB-32FD-417E-8AB4-27EB1F6BD33B}.Release|x86.ActiveCfg = Release|Any CPU
		{CF8DD8CB-32FD-417E-8AB4-27EB1F6BD33B}.Release|x86.Build.0 = Release|Any CPU
		{CF8DD8CB-32FD-417E-8AB4-27EB1F6BD33B}.Release|x86.Deploy.0 = Release|Any CPU
		{572FF758-5504-4341-AD11-148FE100D4F7}.Ad-Hoc|Any CPU.ActiveCfg = Ad-Hoc|iPhone
		{572FF758-5504-4341-AD11-148FE100D4F7}.Ad-Hoc|ARM.ActiveCfg = Ad-Hoc|iPhone
		{572FF758-5504-4341-AD11-148FE100D4F7}.Ad-Hoc|iPhone.ActiveCfg = Ad-Hoc|iPhone
		{572FF758-5504-4341-AD11-148FE100D4F7}.Ad-Hoc|iPhone.Build.0 = Ad-Hoc|iPhone
		{572FF758-5504-4341-AD11-148FE100D4F7}.Ad-Hoc|iPhoneSimulator.ActiveCfg = Ad-Hoc|iPhoneSimulator
		{572FF758-5504-4341-AD11-148FE100D4F7}.Ad-Hoc|iPhoneSimulator.Build.0 = Ad-Hoc|iPhoneSimulator
		{572FF758-5504-4341-AD11-148FE100D4F7}.Ad-Hoc|x64.ActiveCfg = Ad-Hoc|iPhone
		{572FF758-5504-4341-AD11-148FE100D4F7}.Ad-Hoc|x86.ActiveCfg = Ad-Hoc|iPhone
		{572FF758-5504-4341-AD11-148FE100D4F7}.AppStore|Any CPU.ActiveCfg = AppStore|iPhone
		{572FF758-5504-4341-AD11-148FE100D4F7}.AppStore|ARM.ActiveCfg = AppStore|iPhone
		{572FF758-5504-4341-AD11-148FE100D4F7}.AppStore|iPhone.ActiveCfg = AppStore|iPhone
		{572FF758-5504-4341-AD11-148FE100D4F7}.AppStore|iPhone.Build.0 = AppStore|iPhone
		{572FF758-5504-4341-AD11-148FE100D4F7}.AppStore|iPhoneSimulator.ActiveCfg = AppStore|iPhoneSimulator
		{572FF758-5504-4341-AD11-148FE100D4F7}.AppStore|iPhoneSimulator.Build.0 = AppStore|iPhoneSimulator
		{572FF758-5504-4341-AD11-148FE100D4F7}.AppStore|x64.ActiveCfg = AppStore|iPhone
		{572FF758-5504-4341-AD11-148FE100D4F7}.AppStore|x86.ActiveCfg = AppStore|iPhone
		{572FF758-5504-4341-AD11-148FE100D4F7}.Debug|Any CPU.ActiveCfg = Debug|iPhone
		{572FF758-5504-4341-AD11-148FE100D4F7}.Debug|ARM.ActiveCfg = Debug|iPhone
		{572FF758-5504-4341-AD11-148FE100D4F7}.Debug|iPhone.ActiveCfg = Debug|iPhone
		{572FF758-5504-4341-AD11-148FE100D4F7}.Debug|iPhone.Build.0 = Debug|iPhone
		{572FF758-5504-4341-AD11-148FE100D4F7}.Debug|iPhoneSimulator.ActiveCfg = Debug|iPhoneSimulator
		{572FF758-5504-4341-AD11-148FE100D4F7}.Debug|iPhoneSimulator.Build.0 = Debug|iPhoneSimulator
		{572FF758-5504-4341-AD11-148FE100D4F7}.Debug|x64.ActiveCfg = Debug|iPhone
		{572FF758-5504-4341-AD11-148FE100D4F7}.Debug|x86.ActiveCfg = Debug|iPhone
		{572FF758-5504-4341-AD11-148FE100D4F7}.Release|Any CPU.ActiveCfg = Release|iPhone
		{572FF758-5504-4341-AD11-148FE100D4F7}.Release|ARM.ActiveCfg = Release|iPhone
		{572FF758-5504-4341-AD11-148FE100D4F7}.Release|iPhone.ActiveCfg = Release|iPhone
		{572FF758-5504-4341-AD11-148FE100D4F7}.Release|iPhone.Build.0 = Release|iPhone
		{572FF758-5504-4341-AD11-148FE100D4F7}.Release|iPhoneSimulator.ActiveCfg = Release|iPhoneSimulator
		{572FF758-5504-4341-AD11-148FE100D4F7}.Release|iPhoneSimulator.Build.0 = Release|iPhoneSimulator
		{572FF758-5504-4341-AD11-148FE100D4F7}.Release|x64.ActiveCfg = Release|iPhone
		{572FF758-5504-4341-AD11-148FE100D4F7}.Release|x86.ActiveCfg = Release|iPhone
		{DB6C83C7-D44D-4742-83D5-2BBAA0C41587}.Ad-Hoc|Any CPU.ActiveCfg = Release|Any CPU
		{DB6C83C7-D44D-4742-83D5-2BBAA0C41587}.Ad-Hoc|Any CPU.Build.0 = Release|Any CPU
		{DB6C83C7-D44D-4742-83D5-2BBAA0C41587}.Ad-Hoc|Any CPU.Deploy.0 = Release|Any CPU
		{DB6C83C7-D44D-4742-83D5-2BBAA0C41587}.Ad-Hoc|ARM.ActiveCfg = Release|ARM
		{DB6C83C7-D44D-4742-83D5-2BBAA0C41587}.Ad-Hoc|ARM.Build.0 = Release|ARM
		{DB6C83C7-D44D-4742-83D5-2BBAA0C41587}.Ad-Hoc|ARM.Deploy.0 = Release|ARM
		{DB6C83C7-D44D-4742-83D5-2BBAA0C41587}.Ad-Hoc|iPhone.ActiveCfg = Release|Any CPU
		{DB6C83C7-D44D-4742-83D5-2BBAA0C41587}.Ad-Hoc|iPhone.Build.0 = Release|Any CPU
		{DB6C83C7-D44D-4742-83D5-2BBAA0C41587}.Ad-Hoc|iPhone.Deploy.0 = Release|Any CPU
		{DB6C83C7-D44D-4742-83D5-2BBAA0C41587}.Ad-Hoc|iPhoneSimulator.ActiveCfg = Release|Any CPU
		{DB6C83C7-D44D-4742-83D5-2BBAA0C41587}.Ad-Hoc|iPhoneSimulator.Build.0 = Release|Any CPU
		{DB6C83C7-D44D-4742-83D5-2BBAA0C41587}.Ad-Hoc|iPhoneSimulator.Deploy.0 = Release|Any CPU
		{DB6C83C7-D44D-4742-83D5-2BBAA0C41587}.Ad-Hoc|x64.ActiveCfg = Release|Any CPU
		{DB6C83C7-D44D-4742-83D5-2BBAA0C41587}.Ad-Hoc|x64.Build.0 = Release|Any CPU
		{DB6C83C7-D44D-4742-83D5-2BBAA0C41587}.Ad-Hoc|x64.Deploy.0 = Release|Any CPU
		{DB6C83C7-D44D-4742-83D5-2BBAA0C41587}.Ad-Hoc|x86.ActiveCfg = Release|x86
		{DB6C83C7-D44D-4742-83D5-2BBAA0C41587}.Ad-Hoc|x86.Build.0 = Release|x86
		{DB6C83C7-D44D-4742-83D5-2BBAA0C41587}.Ad-Hoc|x86.Deploy.0 = Release|x86
		{DB6C83C7-D44D-4742-83D5-2BBAA0C41587}.AppStore|Any CPU.ActiveCfg = Release|Any CPU
		{DB6C83C7-D44D-4742-83D5-2BBAA0C41587}.AppStore|Any CPU.Build.0 = Release|Any CPU
		{DB6C83C7-D44D-4742-83D5-2BBAA0C41587}.AppStore|Any CPU.Deploy.0 = Release|Any CPU
		{DB6C83C7-D44D-4742-83D5-2BBAA0C41587}.AppStore|ARM.ActiveCfg = Release|ARM
		{DB6C83C7-D44D-4742-83D5-2BBAA0C41587}.AppStore|ARM.Build.0 = Release|ARM
		{DB6C83C7-D44D-4742-83D5-2BBAA0C41587}.AppStore|ARM.Deploy.0 = Release|ARM
		{DB6C83C7-D44D-4742-83D5-2BBAA0C41587}.AppStore|iPhone.ActiveCfg = Release|Any CPU
		{DB6C83C7-D44D-4742-83D5-2BBAA0C41587}.AppStore|iPhone.Build.0 = Release|Any CPU
		{DB6C83C7-D44D-4742-83D5-2BBAA0C41587}.AppStore|iPhone.Deploy.0 = Release|Any CPU
		{DB6C83C7-D44D-4742-83D5-2BBAA0C41587}.AppStore|iPhoneSimulator.ActiveCfg = Release|Any CPU
		{DB6C83C7-D44D-4742-83D5-2BBAA0C41587}.AppStore|iPhoneSimulator.Build.0 = Release|Any CPU
		{DB6C83C7-D44D-4742-83D5-2BBAA0C41587}.AppStore|iPhoneSimulator.Deploy.0 = Release|Any CPU
		{DB6C83C7-D44D-4742-83D5-2BBAA0C41587}.AppStore|x64.ActiveCfg = Release|Any CPU
		{DB6C83C7-D44D-4742-83D5-2BBAA0C41587}.AppStore|x64.Build.0 = Release|Any CPU
		{DB6C83C7-D44D-4742-83D5-2BBAA0C41587}.AppStore|x64.Deploy.0 = Release|Any CPU
		{DB6C83C7-D44D-4742-83D5-2BBAA0C41587}.AppStore|x86.ActiveCfg = Release|x86
		{DB6C83C7-D44D-4742-83D5-2BBAA0C41587}.AppStore|x86.Build.0 = Release|x86
		{DB6C83C7-D44D-4742-83D5-2BBAA0C41587}.AppStore|x86.Deploy.0 = Release|x86
		{DB6C83C7-D44D-4742-83D5-2BBAA0C41587}.Debug|Any CPU.ActiveCfg = Debug|Any CPU
		{DB6C83C7-D44D-4742-83D5-2BBAA0C41587}.Debug|Any CPU.Build.0 = Debug|Any CPU
		{DB6C83C7-D44D-4742-83D5-2BBAA0C41587}.Debug|Any CPU.Deploy.0 = Debug|Any CPU
		{DB6C83C7-D44D-4742-83D5-2BBAA0C41587}.Debug|ARM.ActiveCfg = Debug|ARM
		{DB6C83C7-D44D-4742-83D5-2BBAA0C41587}.Debug|ARM.Build.0 = Debug|ARM
		{DB6C83C7-D44D-4742-83D5-2BBAA0C41587}.Debug|ARM.Deploy.0 = Debug|ARM
		{DB6C83C7-D44D-4742-83D5-2BBAA0C41587}.Debug|iPhone.ActiveCfg = Debug|Any CPU
		{DB6C83C7-D44D-4742-83D5-2BBAA0C41587}.Debug|iPhone.Build.0 = Debug|Any CPU
		{DB6C83C7-D44D-4742-83D5-2BBAA0C41587}.Debug|iPhone.Deploy.0 = Debug|Any CPU
		{DB6C83C7-D44D-4742-83D5-2BBAA0C41587}.Debug|iPhoneSimulator.ActiveCfg = Debug|Any CPU
		{DB6C83C7-D44D-4742-83D5-2BBAA0C41587}.Debug|iPhoneSimulator.Build.0 = Debug|Any CPU
		{DB6C83C7-D44D-4742-83D5-2BBAA0C41587}.Debug|iPhoneSimulator.Deploy.0 = Debug|Any CPU
		{DB6C83C7-D44D-4742-83D5-2BBAA0C41587}.Debug|x64.ActiveCfg = Debug|Any CPU
		{DB6C83C7-D44D-4742-83D5-2BBAA0C41587}.Debug|x64.Build.0 = Debug|Any CPU
		{DB6C83C7-D44D-4742-83D5-2BBAA0C41587}.Debug|x64.Deploy.0 = Debug|Any CPU
		{DB6C83C7-D44D-4742-83D5-2BBAA0C41587}.Debug|x86.ActiveCfg = Debug|x86
		{DB6C83C7-D44D-4742-83D5-2BBAA0C41587}.Debug|x86.Build.0 = Debug|x86
		{DB6C83C7-D44D-4742-83D5-2BBAA0C41587}.Debug|x86.Deploy.0 = Debug|x86
		{DB6C83C7-D44D-4742-83D5-2BBAA0C41587}.Release|Any CPU.ActiveCfg = Release|Any CPU
		{DB6C83C7-D44D-4742-83D5-2BBAA0C41587}.Release|Any CPU.Build.0 = Release|Any CPU
		{DB6C83C7-D44D-4742-83D5-2BBAA0C41587}.Release|Any CPU.Deploy.0 = Release|Any CPU
		{DB6C83C7-D44D-4742-83D5-2BBAA0C41587}.Release|ARM.ActiveCfg = Release|ARM
		{DB6C83C7-D44D-4742-83D5-2BBAA0C41587}.Release|ARM.Build.0 = Release|ARM
		{DB6C83C7-D44D-4742-83D5-2BBAA0C41587}.Release|ARM.Deploy.0 = Release|ARM
		{DB6C83C7-D44D-4742-83D5-2BBAA0C41587}.Release|iPhone.ActiveCfg = Release|Any CPU
		{DB6C83C7-D44D-4742-83D5-2BBAA0C41587}.Release|iPhone.Build.0 = Release|Any CPU
		{DB6C83C7-D44D-4742-83D5-2BBAA0C41587}.Release|iPhone.Deploy.0 = Release|Any CPU
		{DB6C83C7-D44D-4742-83D5-2BBAA0C41587}.Release|iPhoneSimulator.ActiveCfg = Release|Any CPU
		{DB6C83C7-D44D-4742-83D5-2BBAA0C41587}.Release|iPhoneSimulator.Build.0 = Release|Any CPU
		{DB6C83C7-D44D-4742-83D5-2BBAA0C41587}.Release|iPhoneSimulator.Deploy.0 = Release|Any CPU
		{DB6C83C7-D44D-4742-83D5-2BBAA0C41587}.Release|x64.ActiveCfg = Release|Any CPU
		{DB6C83C7-D44D-4742-83D5-2BBAA0C41587}.Release|x64.Build.0 = Release|Any CPU
		{DB6C83C7-D44D-4742-83D5-2BBAA0C41587}.Release|x64.Deploy.0 = Release|Any CPU
		{DB6C83C7-D44D-4742-83D5-2BBAA0C41587}.Release|x86.ActiveCfg = Release|x86
		{DB6C83C7-D44D-4742-83D5-2BBAA0C41587}.Release|x86.Build.0 = Release|x86
		{DB6C83C7-D44D-4742-83D5-2BBAA0C41587}.Release|x86.Deploy.0 = Release|x86
		{0BBA5E8E-5384-4178-92A6-E45E0DF99CBC}.Ad-Hoc|Any CPU.ActiveCfg = Release|Any CPU
		{0BBA5E8E-5384-4178-92A6-E45E0DF99CBC}.Ad-Hoc|Any CPU.Build.0 = Release|Any CPU
		{0BBA5E8E-5384-4178-92A6-E45E0DF99CBC}.Ad-Hoc|Any CPU.Deploy.0 = Release|Any CPU
		{0BBA5E8E-5384-4178-92A6-E45E0DF99CBC}.Ad-Hoc|ARM.ActiveCfg = Release|ARM
		{0BBA5E8E-5384-4178-92A6-E45E0DF99CBC}.Ad-Hoc|ARM.Build.0 = Release|ARM
		{0BBA5E8E-5384-4178-92A6-E45E0DF99CBC}.Ad-Hoc|ARM.Deploy.0 = Release|ARM
		{0BBA5E8E-5384-4178-92A6-E45E0DF99CBC}.Ad-Hoc|iPhone.ActiveCfg = Release|Any CPU
		{0BBA5E8E-5384-4178-92A6-E45E0DF99CBC}.Ad-Hoc|iPhone.Build.0 = Release|Any CPU
		{0BBA5E8E-5384-4178-92A6-E45E0DF99CBC}.Ad-Hoc|iPhone.Deploy.0 = Release|Any CPU
		{0BBA5E8E-5384-4178-92A6-E45E0DF99CBC}.Ad-Hoc|iPhoneSimulator.ActiveCfg = Release|Any CPU
		{0BBA5E8E-5384-4178-92A6-E45E0DF99CBC}.Ad-Hoc|iPhoneSimulator.Build.0 = Release|Any CPU
		{0BBA5E8E-5384-4178-92A6-E45E0DF99CBC}.Ad-Hoc|iPhoneSimulator.Deploy.0 = Release|Any CPU
		{0BBA5E8E-5384-4178-92A6-E45E0DF99CBC}.Ad-Hoc|x64.ActiveCfg = Release|x64
		{0BBA5E8E-5384-4178-92A6-E45E0DF99CBC}.Ad-Hoc|x64.Build.0 = Release|x64
		{0BBA5E8E-5384-4178-92A6-E45E0DF99CBC}.Ad-Hoc|x64.Deploy.0 = Release|x64
		{0BBA5E8E-5384-4178-92A6-E45E0DF99CBC}.Ad-Hoc|x86.ActiveCfg = Release|x86
		{0BBA5E8E-5384-4178-92A6-E45E0DF99CBC}.Ad-Hoc|x86.Build.0 = Release|x86
		{0BBA5E8E-5384-4178-92A6-E45E0DF99CBC}.Ad-Hoc|x86.Deploy.0 = Release|x86
		{0BBA5E8E-5384-4178-92A6-E45E0DF99CBC}.AppStore|Any CPU.ActiveCfg = Release|Any CPU
		{0BBA5E8E-5384-4178-92A6-E45E0DF99CBC}.AppStore|Any CPU.Build.0 = Release|Any CPU
		{0BBA5E8E-5384-4178-92A6-E45E0DF99CBC}.AppStore|Any CPU.Deploy.0 = Release|Any CPU
		{0BBA5E8E-5384-4178-92A6-E45E0DF99CBC}.AppStore|ARM.ActiveCfg = Release|ARM
		{0BBA5E8E-5384-4178-92A6-E45E0DF99CBC}.AppStore|ARM.Build.0 = Release|ARM
		{0BBA5E8E-5384-4178-92A6-E45E0DF99CBC}.AppStore|ARM.Deploy.0 = Release|ARM
		{0BBA5E8E-5384-4178-92A6-E45E0DF99CBC}.AppStore|iPhone.ActiveCfg = Release|Any CPU
		{0BBA5E8E-5384-4178-92A6-E45E0DF99CBC}.AppStore|iPhone.Build.0 = Release|Any CPU
		{0BBA5E8E-5384-4178-92A6-E45E0DF99CBC}.AppStore|iPhone.Deploy.0 = Release|Any CPU
		{0BBA5E8E-5384-4178-92A6-E45E0DF99CBC}.AppStore|iPhoneSimulator.ActiveCfg = Release|Any CPU
		{0BBA5E8E-5384-4178-92A6-E45E0DF99CBC}.AppStore|iPhoneSimulator.Build.0 = Release|Any CPU
		{0BBA5E8E-5384-4178-92A6-E45E0DF99CBC}.AppStore|iPhoneSimulator.Deploy.0 = Release|Any CPU
		{0BBA5E8E-5384-4178-92A6-E45E0DF99CBC}.AppStore|x64.ActiveCfg = Release|x64
		{0BBA5E8E-5384-4178-92A6-E45E0DF99CBC}.AppStore|x64.Build.0 = Release|x64
		{0BBA5E8E-5384-4178-92A6-E45E0DF99CBC}.AppStore|x64.Deploy.0 = Release|x64
		{0BBA5E8E-5384-4178-92A6-E45E0DF99CBC}.AppStore|x86.ActiveCfg = Release|x86
		{0BBA5E8E-5384-4178-92A6-E45E0DF99CBC}.AppStore|x86.Build.0 = Release|x86
		{0BBA5E8E-5384-4178-92A6-E45E0DF99CBC}.AppStore|x86.Deploy.0 = Release|x86
		{0BBA5E8E-5384-4178-92A6-E45E0DF99CBC}.Debug|Any CPU.ActiveCfg = Debug|Any CPU
		{0BBA5E8E-5384-4178-92A6-E45E0DF99CBC}.Debug|Any CPU.Build.0 = Debug|Any CPU
		{0BBA5E8E-5384-4178-92A6-E45E0DF99CBC}.Debug|Any CPU.Deploy.0 = Debug|Any CPU
		{0BBA5E8E-5384-4178-92A6-E45E0DF99CBC}.Debug|ARM.ActiveCfg = Debug|ARM
		{0BBA5E8E-5384-4178-92A6-E45E0DF99CBC}.Debug|ARM.Build.0 = Debug|ARM
		{0BBA5E8E-5384-4178-92A6-E45E0DF99CBC}.Debug|ARM.Deploy.0 = Debug|ARM
		{0BBA5E8E-5384-4178-92A6-E45E0DF99CBC}.Debug|iPhone.ActiveCfg = Debug|Any CPU
		{0BBA5E8E-5384-4178-92A6-E45E0DF99CBC}.Debug|iPhone.Build.0 = Debug|Any CPU
		{0BBA5E8E-5384-4178-92A6-E45E0DF99CBC}.Debug|iPhone.Deploy.0 = Debug|Any CPU
		{0BBA5E8E-5384-4178-92A6-E45E0DF99CBC}.Debug|iPhoneSimulator.ActiveCfg = Debug|Any CPU
		{0BBA5E8E-5384-4178-92A6-E45E0DF99CBC}.Debug|iPhoneSimulator.Build.0 = Debug|Any CPU
		{0BBA5E8E-5384-4178-92A6-E45E0DF99CBC}.Debug|iPhoneSimulator.Deploy.0 = Debug|Any CPU
		{0BBA5E8E-5384-4178-92A6-E45E0DF99CBC}.Debug|x64.ActiveCfg = Debug|x64
		{0BBA5E8E-5384-4178-92A6-E45E0DF99CBC}.Debug|x64.Build.0 = Debug|x64
		{0BBA5E8E-5384-4178-92A6-E45E0DF99CBC}.Debug|x64.Deploy.0 = Debug|x64
		{0BBA5E8E-5384-4178-92A6-E45E0DF99CBC}.Debug|x86.ActiveCfg = Debug|x86
		{0BBA5E8E-5384-4178-92A6-E45E0DF99CBC}.Debug|x86.Build.0 = Debug|x86
		{0BBA5E8E-5384-4178-92A6-E45E0DF99CBC}.Debug|x86.Deploy.0 = Debug|x86
		{0BBA5E8E-5384-4178-92A6-E45E0DF99CBC}.Release|Any CPU.ActiveCfg = Release|Any CPU
		{0BBA5E8E-5384-4178-92A6-E45E0DF99CBC}.Release|Any CPU.Build.0 = Release|Any CPU
		{0BBA5E8E-5384-4178-92A6-E45E0DF99CBC}.Release|Any CPU.Deploy.0 = Release|Any CPU
		{0BBA5E8E-5384-4178-92A6-E45E0DF99CBC}.Release|ARM.ActiveCfg = Release|ARM
		{0BBA5E8E-5384-4178-92A6-E45E0DF99CBC}.Release|ARM.Build.0 = Release|ARM
		{0BBA5E8E-5384-4178-92A6-E45E0DF99CBC}.Release|ARM.Deploy.0 = Release|ARM
		{0BBA5E8E-5384-4178-92A6-E45E0DF99CBC}.Release|iPhone.ActiveCfg = Release|Any CPU
		{0BBA5E8E-5384-4178-92A6-E45E0DF99CBC}.Release|iPhone.Build.0 = Release|Any CPU
		{0BBA5E8E-5384-4178-92A6-E45E0DF99CBC}.Release|iPhone.Deploy.0 = Release|Any CPU
		{0BBA5E8E-5384-4178-92A6-E45E0DF99CBC}.Release|iPhoneSimulator.ActiveCfg = Release|Any CPU
		{0BBA5E8E-5384-4178-92A6-E45E0DF99CBC}.Release|iPhoneSimulator.Build.0 = Release|Any CPU
		{0BBA5E8E-5384-4178-92A6-E45E0DF99CBC}.Release|iPhoneSimulator.Deploy.0 = Release|Any CPU
		{0BBA5E8E-5384-4178-92A6-E45E0DF99CBC}.Release|x64.ActiveCfg = Release|x64
		{0BBA5E8E-5384-4178-92A6-E45E0DF99CBC}.Release|x64.Build.0 = Release|x64
		{0BBA5E8E-5384-4178-92A6-E45E0DF99CBC}.Release|x64.Deploy.0 = Release|x64
		{0BBA5E8E-5384-4178-92A6-E45E0DF99CBC}.Release|x86.ActiveCfg = Release|x86
		{0BBA5E8E-5384-4178-92A6-E45E0DF99CBC}.Release|x86.Build.0 = Release|x86
		{0BBA5E8E-5384-4178-92A6-E45E0DF99CBC}.Release|x86.Deploy.0 = Release|x86
	EndGlobalSection
	GlobalSection(SolutionProperties) = preSolution
		HideSolutionNode = FALSE
	EndGlobalSection
EndGlobal
